PODS:
  - CCSQLite (1.0.0):
    - CCSQLite/standard (= 1.0.0)
  - CCSQLite/standard (1.0.0)

DEPENDENCIES:
  - CCSQLite (from `..`)

EXTERNAL SOURCES:
  CCSQLite:
    :path: ".."

SPEC CHECKSUMS:
  CCSQLite: 26338d8db403f0b16a86abf6d3372c34a85c388c

PODFILE CHECKSUM: fd14c97eea24d220b944c85df7931d42124c874c

COCOAPODS: 1.1.1
